
Microsoft Visual Studio Solution File, Format Version 12.00
Project("{FAE04EC0-301F-11D3-BF4B-00C04F79EFBC}") = "CommandV3", "CommandV3\CommandV3.csproj", "{0E3DCCE3-E1E1-4F38-AD28-46BC99DC67CC}"
EndProject
Global
	GlobalSection(SolutionConfigurationPlatforms) = preSolution
		Debug|Any CPU = Debug|Any CPU
		Release|Any CPU = Release|Any CPU
	EndGlobalSection
	GlobalSection(ProjectConfigurationPlatforms) = postSolution
		{0E3DCCE3-E1E1-4F38-AD28-46BC99DC67CC}.Debug|Any CPU.ActiveCfg = Debug|Any CPU
		{0E3DCCE3-E1E1-4F38-AD28-46BC99DC67CC}.Debug|Any CPU.Build.0 = Debug|Any CPU
		{0E3DCCE3-E1E1-4F38-AD28-46BC99DC67CC}.Release|Any CPU.ActiveCfg = Release|Any CPU
		{0E3DCCE3-E1E1-4F38-AD28-46BC99DC67CC}.Release|Any CPU.Build.0 = Release|Any CPU
	EndGlobalSection
EndGlobal
