
Microsoft Visual Studio Solution File, Format Version 12.00
Project("{FAE04EC0-301F-11D3-BF4B-00C04F79EFBC}") = "Singleton", "Singleton\Singleton.csproj", "{1E27437B-C9AC-4590-9624-0C60F483C3BF}"
EndProject
Global
	GlobalSection(SolutionConfigurationPlatforms) = preSolution
		Debug|Any CPU = Debug|Any CPU
		Release|Any CPU = Release|Any CPU
	EndGlobalSection
	GlobalSection(ProjectConfigurationPlatforms) = postSolution
		{1E27437B-C9AC-4590-9624-0C60F483C3BF}.Debug|Any CPU.ActiveCfg = Debug|Any CPU
		{1E27437B-C9AC-4590-9624-0C60F483C3BF}.Debug|Any CPU.Build.0 = Debug|Any CPU
		{1E27437B-C9AC-4590-9624-0C60F483C3BF}.Release|Any CPU.ActiveCfg = Release|Any CPU
		{1E27437B-C9AC-4590-9624-0C60F483C3BF}.Release|Any CPU.Build.0 = Release|Any CPU
	EndGlobalSection
EndGlobal
